
Microsoft Visual Studio Solution File, Format Version 12.00
# Visual Studio Version 17
VisualStudioVersion = 17.5.33530.505
MinimumVisualStudioVersion = 10.0.40219.1
Project("{FAE04EC0-301F-11D3-BF4B-00C04F79EFBC}") = "LibraryAPI", "LibraryAPI\LibraryAPI.csproj", "{E87AB9D4-FBB0-47E2-AE41-DE1FBC14C629}"
EndProject
Global
	GlobalSection(SolutionConfigurationPlatforms) = preSolution
		Debug|Any CPU = Debug|Any CPU
		Release|Any CPU = Release|Any CPU
	EndGlobalSection
	GlobalSection(ProjectConfigurationPlatforms) = postSolution
		{E87AB9D4-FBB0-47E2-AE41-DE1FBC14C629}.Debug|Any CPU.ActiveCfg = Debug|Any CPU
		{E87AB9D4-FBB0-47E2-AE41-DE1FBC14C629}.Debug|Any CPU.Build.0 = Debug|Any CPU
		{E87AB9D4-FBB0-47E2-AE41-DE1FBC14C629}.Release|Any CPU.ActiveCfg = Release|Any CPU
		{E87AB9D4-FBB0-47E2-AE41-DE1FBC14C629}.Release|Any CPU.Build.0 = Release|Any CPU
	EndGlobalSection
	GlobalSection(SolutionProperties) = preSolution
		HideSolutionNode = FALSE
	EndGlobalSection
	GlobalSection(ExtensibilityGlobals) = postSolution
		SolutionGuid = {26976A36-609E-4392-B770-C9CB8FA49C5E}
	EndGlobalSection
EndGlobal
